{
  "name": "@triedeti/threedigitaltwin",
  "version": "1.0.9",
  "lockfileVersion": 1,
  "requires": true,
  "dependencies": {
    "biskviit": {
      "version": "1.0.1",
      "resolved": "https://registry.npmjs.org/biskviit/-/biskviit-1.0.1.tgz",
      "integrity": "sha1-A3oM1LcbnjMf2QoRIt4X3EnkIKc=",
      "requires": {
        "psl": "^1.1.7"
      }
    },
    "camera-controls": {
      "version": "1.25.0",
      "resolved": "https://registry.npmjs.org/camera-controls/-/camera-controls-1.25.0.tgz",
      "integrity": "sha512-twHHZ8Bp2zx8JatpmPXGN3ttVpzGeQj4p+9lz69Il3orsbcv8J812A3a3kPENE8xqvMlwyRlUJ8zwQau2gqdJA=="
    },
    "earcut": {
      "version": "2.2.2",
      "resolved": "https://registry.npmjs.org/earcut/-/earcut-2.2.2.tgz",
      "integrity": "sha512-eZoZPPJcUHnfRZ0PjLvx2qBordSiO8ofC3vt+qACLM95u+4DovnbYNpQtJh0DNsWj8RnxrQytD4WA8gj5cRIaQ=="
    },
    "encoding": {
      "version": "0.1.12",
      "resolved": "https://registry.npmjs.org/encoding/-/encoding-0.1.12.tgz",
      "integrity": "sha1-U4tm8+5izRq1HsMjgp0flIDHS+s=",
      "requires": {
        "iconv-lite": "~0.4.13"
      }
    },
    "es6-tween": {
      "version": "5.5.11",
      "resolved": "https://registry.npmjs.org/es6-tween/-/es6-tween-5.5.11.tgz",
      "integrity": "sha512-pRog/aPrGkPnblRJvuGcVTxlLqIu1TivB39zc6lw7jgOqIyOkqTBlTVr7ynlLjVGviezfYc3CZJWVAtOU3aoXQ=="
    },
    "fetch": {
      "version": "1.1.0",
      "resolved": "https://registry.npmjs.org/fetch/-/fetch-1.1.0.tgz",
      "integrity": "sha1-CoJ58Gvjf58Ou1Z1YKMKSA2lmi4=",
      "requires": {
        "biskviit": "1.0.1",
        "encoding": "0.1.12"
      }
    },
    "geo-three": {
      "version": "0.0.3",
      "resolved": "https://registry.npmjs.org/geo-three/-/geo-three-0.0.3.tgz",
      "integrity": "sha512-VSeKk+B0I5kCLJlUlw/WlGCIFXq6H2nfdbaQzCufdHPV9XwvlwmaicwD7mgObKUILCGAZzyqjFcj/tj4+Uxb7w=="
    },
    "geojson-bbox": {
      "version": "0.0.0",
      "resolved": "https://registry.npmjs.org/geojson-bbox/-/geojson-bbox-0.0.0.tgz",
      "integrity": "sha1-6gf7YmEMzCmYeWAaVbqIQTm8G+g="
    },
    "geometry-extrude": {
      "version": "0.1.2",
      "resolved": "https://registry.npmjs.org/geometry-extrude/-/geometry-extrude-0.1.2.tgz",
      "integrity": "sha512-ggB506zya7x10QYiJ3zJQ9xmYt3wWU6itRzy1rsasW6ShHGbkteQT+O9se40xcEPTWr7HKiaCiUuILaBnHirzw==",
      "requires": {
        "earcut": "^2.1.3"
      }
    },
    "iconv-lite": {
      "version": "0.4.24",
      "resolved": "https://registry.npmjs.org/iconv-lite/-/iconv-lite-0.4.24.tgz",
      "integrity": "sha512-v3MXnZAcvnywkTUEZomIActle7RXXeedOR31wwl7VlyoXO4Qi9arvSenNQWne1TcRwhCL1HwLI21bEqdpj8/rA==",
      "requires": {
        "safer-buffer": ">= 2.1.2 < 3"
      }
    },
    "mgrs": {
      "version": "1.0.0",
      "resolved": "https://registry.npmjs.org/mgrs/-/mgrs-1.0.0.tgz",
      "integrity": "sha1-+5FYjnjJACVnI5XLQLJffNatGCk="
    },
    "oimo": {
      "version": "1.0.9",
      "resolved": "https://registry.npmjs.org/oimo/-/oimo-1.0.9.tgz",
      "integrity": "sha1-C1kuNhx5kQP9sE+zvhJkJF72iEs="
    },
    "proj4": {
      "version": "2.6.2",
      "resolved": "https://registry.npmjs.org/proj4/-/proj4-2.6.2.tgz",
      "integrity": "sha512-Pn0+HZtXb4JzuN8RR0VM7yyseegiYHbXkF+2FOdGpzRojcZ1BTjWxOh7qfp2vH0EyLu8pvcrhLxidwzgyUy/Gw==",
      "requires": {
        "mgrs": "1.0.0",
        "wkt-parser": "^1.2.4"
      }
    },
    "psl": {
      "version": "1.8.0",
      "resolved": "https://registry.npmjs.org/psl/-/psl-1.8.0.tgz",
      "integrity": "sha512-RIdOzyoavK+hA18OGGWDqUTsCLhtA7IcZ/6NCs4fFJaHBDab+pDDmDIByWFRQJq2Cd7r1OoQxBGKOaztq+hjIQ=="
    },
    "reproject-spherical-mercator": {
      "version": "0.1.3",
      "resolved": "https://registry.npmjs.org/reproject-spherical-mercator/-/reproject-spherical-mercator-0.1.3.tgz",
      "integrity": "sha1-CBKOkZVD971WiCDdd2aFvhKSZ3s=",
      "requires": {
        "geojson-bbox": "0.0.0",
        "sphericalmercator": "^1.0.3"
      }
    },
    "safer-buffer": {
      "version": "2.1.2",
      "resolved": "https://registry.npmjs.org/safer-buffer/-/safer-buffer-2.1.2.tgz",
      "integrity": "sha512-YZo3K82SD7Riyi0E1EQPojLz7kpepnSQI9IyPbHHg1XXXevb5dJI7tpyN2ADxGcQbHG7vcyRHk0cbwqcQriUtg=="
    },
    "sphericalmercator": {
      "version": "1.0.5",
      "resolved": "https://registry.npmjs.org/sphericalmercator/-/sphericalmercator-1.0.5.tgz",
      "integrity": "sha1-3cWgSeNg4ADQ+tn8IsQHGIJYSYA="
    },
    "three": {
      "version": "0.120.1",
      "resolved": "https://registry.npmjs.org/three/-/three-0.120.1.tgz",
      "integrity": "sha512-ktaCRFUR7JUZcKec+cBRz+oBex5pOVaJhrtxvFF2T7on53o9UkEux+/Nh1g/4zeb4t/pbxIFcADbn/ACu3LC1g=="
    },
    "three.meshline": {
      "version": "1.3.0",
      "resolved": "https://registry.npmjs.org/three.meshline/-/three.meshline-1.3.0.tgz",
      "integrity": "sha512-ZEb6cZiMh7RFPAQ0320aVBQx1CK4/wFffG9NNAArfX4KBPSJzjS19tYSuhNX7eZ1trU4blEHixz1EXkXN33++w=="
    },
    "wkt-parser": {
      "version": "1.2.4",
      "resolved": "https://registry.npmjs.org/wkt-parser/-/wkt-parser-1.2.4.tgz",
      "integrity": "sha512-ZzKnc7ml/91fOPh5bANBL4vUlWPIYYv11waCtWTkl2TRN+LEmBg60Q1MA8gqV4hEp4MGfSj9JiHz91zw/gTDXg=="
    }
  }
}
