{
  "name": "@triedeti/threedigitaltwin",
  "version": "1.0.18",
  "lockfileVersion": 1,
  "requires": true,
  "dependencies": {
    "@turf/centroid": {
      "version": "6.2.0",
      "resolved": "https://registry.npmjs.org/@turf/centroid/-/centroid-6.2.0.tgz",
      "integrity": "sha512-k21egD4s45pBDIsEAiEUSs23anwdyzIK+/jQvHq+mL+Fwn9Zntk6GEUtpoBZq92fs2NyCvjGKlB2LNdHWXZtAw==",
      "requires": {
        "@turf/helpers": "^6.2.0",
        "@turf/meta": "^6.2.0"
      }
    },
    "@turf/helpers": {
      "version": "6.2.0",
      "resolved": "https://registry.npmjs.org/@turf/helpers/-/helpers-6.2.0.tgz",
      "integrity": "sha512-ANcZ0LFpnrza52y3um8KXgbpF1l7qmJXEqY1Bv5RovdQH+kUvMrZsb4SO3q4VH4eQqlsxDLxxXl7hkjjFbDtHg=="
    },
    "@turf/meta": {
      "version": "6.2.0",
      "resolved": "https://registry.npmjs.org/@turf/meta/-/meta-6.2.0.tgz",
      "integrity": "sha512-8bM69hzRYKNfpZ+cyLxXZLw1IqCxm3cBcyEkVBHROFsQJb1o1Ghv2cd4iCSIuvkc1xSWD+qQvUjYr40XSNsyOQ==",
      "requires": {
        "@turf/helpers": "^6.2.0"
      }
    },
    "JSONStream": {
      "version": "1.3.5",
      "resolved": "https://registry.npmjs.org/JSONStream/-/JSONStream-1.3.5.tgz",
      "integrity": "sha512-E+iruNOY8VV9s4JEbe1aNEm6MiszPRr/UfcHMz0TQh1BXSxHK+ASV1R6W4HpjBhSeS+54PIsAMCBmwD06LLsqQ==",
      "requires": {
        "jsonparse": "^1.2.0",
        "through": ">=2.2.7 <3"
      }
    },
    "affine-hull": {
      "version": "1.0.0",
      "resolved": "https://registry.npmjs.org/affine-hull/-/affine-hull-1.0.0.tgz",
      "integrity": "sha1-dj/x040GPOt+Jy8X7k17vK+QXF0=",
      "requires": {
        "robust-orientation": "^1.1.3"
      }
    },
    "biskviit": {
      "version": "1.0.1",
      "resolved": "https://registry.npmjs.org/biskviit/-/biskviit-1.0.1.tgz",
      "integrity": "sha1-A3oM1LcbnjMf2QoRIt4X3EnkIKc=",
      "requires": {
        "psl": "^1.1.7"
      }
    },
    "bit-twiddle": {
      "version": "1.0.2",
      "resolved": "https://registry.npmjs.org/bit-twiddle/-/bit-twiddle-1.0.2.tgz",
      "integrity": "sha1-DGwfq+KyPRcXPZpht7cJPrnhdp4="
    },
    "buffer-from": {
      "version": "1.1.1",
      "resolved": "https://registry.npmjs.org/buffer-from/-/buffer-from-1.1.1.tgz",
      "integrity": "sha512-MQcXEUbCKtEo7bhqEs6560Hyd4XaovZlO/k9V3hjVUF/zwW7KBVdSK4gIt/bzwS9MbR5qob+F5jusZsb0YQK2A=="
    },
    "camera-controls": {
      "version": "1.25.0",
      "resolved": "https://registry.npmjs.org/camera-controls/-/camera-controls-1.25.0.tgz",
      "integrity": "sha512-twHHZ8Bp2zx8JatpmPXGN3ttVpzGeQj4p+9lz69Il3orsbcv8J812A3a3kPENE8xqvMlwyRlUJ8zwQau2gqdJA=="
    },
    "concat-stream": {
      "version": "2.0.0",
      "resolved": "https://registry.npmjs.org/concat-stream/-/concat-stream-2.0.0.tgz",
      "integrity": "sha512-MWufYdFw53ccGjCA+Ol7XJYpAlW6/prSMzuPOTRnJGcGzuhLn4Scrz7qf6o8bROZ514ltazcIFJZevcfbo0x7A==",
      "requires": {
        "buffer-from": "^1.0.0",
        "inherits": "^2.0.3",
        "readable-stream": "^3.0.2",
        "typedarray": "^0.0.6"
      }
    },
    "convex-hull": {
      "version": "1.0.3",
      "resolved": "https://registry.npmjs.org/convex-hull/-/convex-hull-1.0.3.tgz",
      "integrity": "sha1-IKOqbOh/St6i/30XlxyfwcZ+H/8=",
      "requires": {
        "affine-hull": "^1.0.0",
        "incremental-convex-hull": "^1.0.1",
        "monotone-convex-hull-2d": "^1.0.1"
      }
    },
    "delaunator": {
      "version": "4.0.1",
      "resolved": "https://registry.npmjs.org/delaunator/-/delaunator-4.0.1.tgz",
      "integrity": "sha512-WNPWi1IRKZfCt/qIDMfERkDp93+iZEmOxN2yy4Jg+Xhv8SLk2UTqqbe1sfiipn0and9QrE914/ihdx82Y/Giag=="
    },
    "duplexer": {
      "version": "0.1.2",
      "resolved": "https://registry.npmjs.org/duplexer/-/duplexer-0.1.2.tgz",
      "integrity": "sha512-jtD6YG370ZCIi/9GTaJKQxWTZD045+4R4hTk/x1UyoqadyJ9x9CgSi1RlVDQF8U2sxLLSnFkCaMihqljHIWgMg=="
    },
    "earcut": {
      "version": "2.2.2",
      "resolved": "https://registry.npmjs.org/earcut/-/earcut-2.2.2.tgz",
      "integrity": "sha512-eZoZPPJcUHnfRZ0PjLvx2qBordSiO8ofC3vt+qACLM95u+4DovnbYNpQtJh0DNsWj8RnxrQytD4WA8gj5cRIaQ=="
    },
    "encoding": {
      "version": "0.1.12",
      "resolved": "https://registry.npmjs.org/encoding/-/encoding-0.1.12.tgz",
      "integrity": "sha1-U4tm8+5izRq1HsMjgp0flIDHS+s=",
      "requires": {
        "iconv-lite": "~0.4.13"
      }
    },
    "es6-tween": {
      "version": "5.5.11",
      "resolved": "https://registry.npmjs.org/es6-tween/-/es6-tween-5.5.11.tgz",
      "integrity": "sha512-pRog/aPrGkPnblRJvuGcVTxlLqIu1TivB39zc6lw7jgOqIyOkqTBlTVr7ynlLjVGviezfYc3CZJWVAtOU3aoXQ=="
    },
    "event-stream": {
      "version": "4.0.1",
      "resolved": "https://registry.npmjs.org/event-stream/-/event-stream-4.0.1.tgz",
      "integrity": "sha512-qACXdu/9VHPBzcyhdOWR5/IahhGMf0roTeZJfzz077GwylcDd90yOHLouhmv7GJ5XzPi6ekaQWd8AvPP2nOvpA==",
      "requires": {
        "duplexer": "^0.1.1",
        "from": "^0.1.7",
        "map-stream": "0.0.7",
        "pause-stream": "^0.0.11",
        "split": "^1.0.1",
        "stream-combiner": "^0.2.2",
        "through": "^2.3.8"
      }
    },
    "fetch": {
      "version": "1.1.0",
      "resolved": "https://registry.npmjs.org/fetch/-/fetch-1.1.0.tgz",
      "integrity": "sha1-CoJ58Gvjf58Ou1Z1YKMKSA2lmi4=",
      "requires": {
        "biskviit": "1.0.1",
        "encoding": "0.1.12"
      }
    },
    "from": {
      "version": "0.1.7",
      "resolved": "https://registry.npmjs.org/from/-/from-0.1.7.tgz",
      "integrity": "sha1-g8YK/Fi5xWmXAH7Rp2izqzA6RP4="
    },
    "geo-three": {
      "version": "0.0.3",
      "resolved": "https://registry.npmjs.org/geo-three/-/geo-three-0.0.3.tgz",
      "integrity": "sha512-VSeKk+B0I5kCLJlUlw/WlGCIFXq6H2nfdbaQzCufdHPV9XwvlwmaicwD7mgObKUILCGAZzyqjFcj/tj4+Uxb7w=="
    },
    "geojson-area": {
      "version": "0.2.1",
      "resolved": "https://registry.npmjs.org/geojson-area/-/geojson-area-0.2.1.tgz",
      "integrity": "sha1-JTewmC24YwnyHSxCikJXx6YoLMY=",
      "requires": {
        "wgs84": "0.0.0"
      }
    },
    "geojson-bbox": {
      "version": "0.0.0",
      "resolved": "https://registry.npmjs.org/geojson-bbox/-/geojson-bbox-0.0.0.tgz",
      "integrity": "sha1-6gf7YmEMzCmYeWAaVbqIQTm8G+g="
    },
    "geojson-normalize": {
      "version": "0.0.0",
      "resolved": "https://registry.npmjs.org/geojson-normalize/-/geojson-normalize-0.0.0.tgz",
      "integrity": "sha1-Lbw2eM0bMbgXnodr2nDNEg3eNcA="
    },
    "geojson-random": {
      "version": "0.2.2",
      "resolved": "https://registry.npmjs.org/geojson-random/-/geojson-random-0.2.2.tgz",
      "integrity": "sha1-q0g48SatxeFvj5TmVd74IPkRnbw="
    },
    "geojson-stream": {
      "version": "0.1.0",
      "resolved": "https://registry.npmjs.org/geojson-stream/-/geojson-stream-0.1.0.tgz",
      "integrity": "sha512-svSg5fFXPaTiqzEBGXScA+nISaeC9rLvku2PH+wM5LToATUw2bLIrvls43ymnT9Xnp51nBPVyK9m4Af40KpJ7w==",
      "requires": {
        "JSONStream": "^1.0.0",
        "through": "^2.3.4"
      }
    },
    "geometry-extrude": {
      "version": "0.1.2",
      "resolved": "https://registry.npmjs.org/geometry-extrude/-/geometry-extrude-0.1.2.tgz",
      "integrity": "sha512-ggB506zya7x10QYiJ3zJQ9xmYt3wWU6itRzy1rsasW6ShHGbkteQT+O9se40xcEPTWr7HKiaCiUuILaBnHirzw==",
      "requires": {
        "earcut": "^2.1.3"
      }
    },
    "iconv-lite": {
      "version": "0.4.24",
      "resolved": "https://registry.npmjs.org/iconv-lite/-/iconv-lite-0.4.24.tgz",
      "integrity": "sha512-v3MXnZAcvnywkTUEZomIActle7RXXeedOR31wwl7VlyoXO4Qi9arvSenNQWne1TcRwhCL1HwLI21bEqdpj8/rA==",
      "requires": {
        "safer-buffer": ">= 2.1.2 < 3"
      }
    },
    "incremental-convex-hull": {
      "version": "1.0.1",
      "resolved": "https://registry.npmjs.org/incremental-convex-hull/-/incremental-convex-hull-1.0.1.tgz",
      "integrity": "sha1-UUKMFMudmmFEv+abKFH7N3M0vh4=",
      "requires": {
        "robust-orientation": "^1.1.2",
        "simplicial-complex": "^1.0.0"
      }
    },
    "inherits": {
      "version": "2.0.4",
      "resolved": "https://registry.npmjs.org/inherits/-/inherits-2.0.4.tgz",
      "integrity": "sha512-k/vGaX4/Yla3WzyMCvTQOXYeIHvqOKtnqBduzTHpzpQZzAskKMhZ2K+EnBiSM9zGSoIFeMpXKxa4dYeZIQqewQ=="
    },
    "jsonparse": {
      "version": "1.3.1",
      "resolved": "https://registry.npmjs.org/jsonparse/-/jsonparse-1.3.1.tgz",
      "integrity": "sha1-P02uSpH6wxX3EGL4UhzCOfE2YoA="
    },
    "jsts": {
      "version": "1.1.2",
      "resolved": "https://registry.npmjs.org/jsts/-/jsts-1.1.2.tgz",
      "integrity": "sha1-0gXSzIOTCB2eSErjYoIRBpXtwjA="
    },
    "map-stream": {
      "version": "0.0.7",
      "resolved": "https://registry.npmjs.org/map-stream/-/map-stream-0.0.7.tgz",
      "integrity": "sha1-ih8HiW2CsQkmvTdEokIACfiJdKg="
    },
    "mgrs": {
      "version": "1.0.0",
      "resolved": "https://registry.npmjs.org/mgrs/-/mgrs-1.0.0.tgz",
      "integrity": "sha1-+5FYjnjJACVnI5XLQLJffNatGCk="
    },
    "minimist": {
      "version": "1.2.5",
      "resolved": "https://registry.npmjs.org/minimist/-/minimist-1.2.5.tgz",
      "integrity": "sha512-FM9nNUYrRBAELZQT3xeZQ7fmMOBg6nWNmJKTcgsJeaLstP/UODVpGsr5OhXhhXg6f+qtJ8uiZ+PUxkDWcgIXLw=="
    },
    "monotone-convex-hull-2d": {
      "version": "1.0.1",
      "resolved": "https://registry.npmjs.org/monotone-convex-hull-2d/-/monotone-convex-hull-2d-1.0.1.tgz",
      "integrity": "sha1-R/Xa6t88Sv03dkuqGqh4ekDu4Iw=",
      "requires": {
        "robust-orientation": "^1.1.3"
      }
    },
    "oimo": {
      "version": "1.0.9",
      "resolved": "https://registry.npmjs.org/oimo/-/oimo-1.0.9.tgz",
      "integrity": "sha1-C1kuNhx5kQP9sE+zvhJkJF72iEs="
    },
    "pause-stream": {
      "version": "0.0.11",
      "resolved": "https://registry.npmjs.org/pause-stream/-/pause-stream-0.0.11.tgz",
      "integrity": "sha1-/lo0sMvOErWqaitAPuLnO2AvFEU=",
      "requires": {
        "through": "~2.3"
      }
    },
    "proj4": {
      "version": "2.6.2",
      "resolved": "https://registry.npmjs.org/proj4/-/proj4-2.6.2.tgz",
      "integrity": "sha512-Pn0+HZtXb4JzuN8RR0VM7yyseegiYHbXkF+2FOdGpzRojcZ1BTjWxOh7qfp2vH0EyLu8pvcrhLxidwzgyUy/Gw==",
      "requires": {
        "mgrs": "1.0.0",
        "wkt-parser": "^1.2.4"
      }
    },
    "psl": {
      "version": "1.8.0",
      "resolved": "https://registry.npmjs.org/psl/-/psl-1.8.0.tgz",
      "integrity": "sha512-RIdOzyoavK+hA18OGGWDqUTsCLhtA7IcZ/6NCs4fFJaHBDab+pDDmDIByWFRQJq2Cd7r1OoQxBGKOaztq+hjIQ=="
    },
    "readable-stream": {
      "version": "3.6.0",
      "resolved": "https://registry.npmjs.org/readable-stream/-/readable-stream-3.6.0.tgz",
      "integrity": "sha512-BViHy7LKeTz4oNnkcLJ+lVSL6vpiFeX6/d3oSH8zCW7UxP2onchk+vTGB143xuFjHS3deTgkKoXXymXqymiIdA==",
      "requires": {
        "inherits": "^2.0.3",
        "string_decoder": "^1.1.1",
        "util-deprecate": "^1.0.1"
      }
    },
    "reproject": {
      "version": "1.2.6",
      "resolved": "https://registry.npmjs.org/reproject/-/reproject-1.2.6.tgz",
      "integrity": "sha512-OqUwL51rpfckWTndHezDXuMDu6dcql6zghhUFjM63slz4xC9oo4BskFY6T1AFMCZ+YJIB1UdJU0vagAkRwcAFg==",
      "requires": {
        "concat-stream": "^2.0.0",
        "event-stream": "^4.0.0",
        "geojson-stream": "0.1.0",
        "minimist": "^1.2.5",
        "proj4": "^2.6.2"
      }
    },
    "reproject-spherical-mercator": {
      "version": "0.1.3",
      "resolved": "https://registry.npmjs.org/reproject-spherical-mercator/-/reproject-spherical-mercator-0.1.3.tgz",
      "integrity": "sha1-CBKOkZVD971WiCDdd2aFvhKSZ3s=",
      "requires": {
        "geojson-bbox": "0.0.0",
        "sphericalmercator": "^1.0.3"
      }
    },
    "robust-orientation": {
      "version": "1.1.3",
      "resolved": "https://registry.npmjs.org/robust-orientation/-/robust-orientation-1.1.3.tgz",
      "integrity": "sha1-2v9bANO+TmByLw6cAVbvln8cIEk=",
      "requires": {
        "robust-scale": "^1.0.2",
        "robust-subtract": "^1.0.0",
        "robust-sum": "^1.0.0",
        "two-product": "^1.0.2"
      }
    },
    "robust-scale": {
      "version": "1.0.2",
      "resolved": "https://registry.npmjs.org/robust-scale/-/robust-scale-1.0.2.tgz",
      "integrity": "sha1-d1Ey7QlULQKOWLLMecBikLz3jDI=",
      "requires": {
        "two-product": "^1.0.2",
        "two-sum": "^1.0.0"
      }
    },
    "robust-subtract": {
      "version": "1.0.0",
      "resolved": "https://registry.npmjs.org/robust-subtract/-/robust-subtract-1.0.0.tgz",
      "integrity": "sha1-4LFk4e2LpOOl3aRaEgODSNvtPpo="
    },
    "robust-sum": {
      "version": "1.0.0",
      "resolved": "https://registry.npmjs.org/robust-sum/-/robust-sum-1.0.0.tgz",
      "integrity": "sha1-FmRuUlKStNJdgnV6KGlV4Lv6U9k="
    },
    "safe-buffer": {
      "version": "5.2.1",
      "resolved": "https://registry.npmjs.org/safe-buffer/-/safe-buffer-5.2.1.tgz",
      "integrity": "sha512-rp3So07KcdmmKbGvgaNxQSJr7bGVSVk5S9Eq1F+ppbRo70+YeaDxkw5Dd8NPN+GD6bjnYm2VuPuCXmpuYvmCXQ=="
    },
    "safer-buffer": {
      "version": "2.1.2",
      "resolved": "https://registry.npmjs.org/safer-buffer/-/safer-buffer-2.1.2.tgz",
      "integrity": "sha512-YZo3K82SD7Riyi0E1EQPojLz7kpepnSQI9IyPbHHg1XXXevb5dJI7tpyN2ADxGcQbHG7vcyRHk0cbwqcQriUtg=="
    },
    "simplicial-complex": {
      "version": "1.0.0",
      "resolved": "https://registry.npmjs.org/simplicial-complex/-/simplicial-complex-1.0.0.tgz",
      "integrity": "sha1-bDOk7Wn81Nkbe8rdOzC2NoPq4kE=",
      "requires": {
        "bit-twiddle": "^1.0.0",
        "union-find": "^1.0.0"
      }
    },
    "simplify-js": {
      "version": "1.2.4",
      "resolved": "https://registry.npmjs.org/simplify-js/-/simplify-js-1.2.4.tgz",
      "integrity": "sha512-vITfSlwt7h/oyrU42R83mtzFpwYk3+mkH9bOHqq/Qw6n8rtR7aE3NZQ5fbcyCUVVmuMJR6ynsAhOfK2qoah8Jg=="
    },
    "sphericalmercator": {
      "version": "1.0.5",
      "resolved": "https://registry.npmjs.org/sphericalmercator/-/sphericalmercator-1.0.5.tgz",
      "integrity": "sha1-3cWgSeNg4ADQ+tn8IsQHGIJYSYA="
    },
    "split": {
      "version": "1.0.1",
      "resolved": "https://registry.npmjs.org/split/-/split-1.0.1.tgz",
      "integrity": "sha512-mTyOoPbrivtXnwnIxZRFYRrPNtEFKlpB2fvjSnCQUiAA6qAZzqwna5envK4uk6OIeP17CsdF3rSBGYVBsU0Tkg==",
      "requires": {
        "through": "2"
      }
    },
    "stream-combiner": {
      "version": "0.2.2",
      "resolved": "https://registry.npmjs.org/stream-combiner/-/stream-combiner-0.2.2.tgz",
      "integrity": "sha1-rsjLrBd7Vrb0+kec7YwZEs7lKFg=",
      "requires": {
        "duplexer": "~0.1.1",
        "through": "~2.3.4"
      }
    },
    "string_decoder": {
      "version": "1.3.0",
      "resolved": "https://registry.npmjs.org/string_decoder/-/string_decoder-1.3.0.tgz",
      "integrity": "sha512-hkRX8U1WjJFd8LsDJ2yQ/wWWxaopEsABU1XfkM8A+j0+85JAGppt16cr1Whg6KIbb4okU6Mql6BOj+uup/wKeA==",
      "requires": {
        "safe-buffer": "~5.2.0"
      }
    },
    "three": {
      "version": "0.120.1",
      "resolved": "https://registry.npmjs.org/three/-/three-0.120.1.tgz",
      "integrity": "sha512-ktaCRFUR7JUZcKec+cBRz+oBex5pOVaJhrtxvFF2T7on53o9UkEux+/Nh1g/4zeb4t/pbxIFcADbn/ACu3LC1g=="
    },
    "three.meshline": {
      "version": "1.3.0",
      "resolved": "https://registry.npmjs.org/three.meshline/-/three.meshline-1.3.0.tgz",
      "integrity": "sha512-ZEb6cZiMh7RFPAQ0320aVBQx1CK4/wFffG9NNAArfX4KBPSJzjS19tYSuhNX7eZ1trU4blEHixz1EXkXN33++w=="
    },
    "through": {
      "version": "2.3.8",
      "resolved": "https://registry.npmjs.org/through/-/through-2.3.8.tgz",
      "integrity": "sha1-DdTJ/6q8NXlgsbckEV1+Doai4fU="
    },
    "turf": {
      "version": "3.0.14",
      "resolved": "https://registry.npmjs.org/turf/-/turf-3.0.14.tgz",
      "integrity": "sha1-6y9KgKLVg7jGSGvHtccZBGaGbCc=",
      "requires": {
        "turf-along": "^3.0.12",
        "turf-area": "^3.0.12",
        "turf-bbox": "^3.0.12",
        "turf-bbox-polygon": "^3.0.12",
        "turf-bearing": "^3.0.12",
        "turf-bezier": "^3.0.12",
        "turf-buffer": "^3.0.12",
        "turf-center": "^3.0.12",
        "turf-centroid": "^3.0.12",
        "turf-circle": "^3.0.12",
        "turf-collect": "^3.0.12",
        "turf-combine": "^3.0.12",
        "turf-concave": "^3.0.12",
        "turf-convex": "^3.0.12",
        "turf-destination": "^3.0.12",
        "turf-difference": "^3.0.12",
        "turf-distance": "^3.0.12",
        "turf-envelope": "^3.0.12",
        "turf-explode": "^3.0.12",
        "turf-flip": "^3.0.12",
        "turf-helpers": "^3.0.12",
        "turf-hex-grid": "^3.0.12",
        "turf-inside": "^3.0.12",
        "turf-intersect": "^3.0.12",
        "turf-isolines": "^3.0.12",
        "turf-kinks": "^3.0.12",
        "turf-line-distance": "^3.0.12",
        "turf-line-slice": "^3.0.12",
        "turf-meta": "^3.0.12",
        "turf-midpoint": "^3.0.12",
        "turf-nearest": "^3.0.12",
        "turf-planepoint": "^3.0.12",
        "turf-point-grid": "^3.0.12",
        "turf-point-on-line": "^3.0.12",
        "turf-point-on-surface": "^3.0.12",
        "turf-random": "^3.0.12",
        "turf-sample": "^3.0.12",
        "turf-simplify": "^3.0.12",
        "turf-square": "^3.0.12",
        "turf-square-grid": "^3.0.12",
        "turf-tag": "^3.0.12",
        "turf-tesselate": "^3.0.12",
        "turf-tin": "^3.0.12",
        "turf-triangle-grid": "^3.0.12",
        "turf-union": "^3.0.12",
        "turf-within": "^3.0.12"
      }
    },
    "turf-along": {
      "version": "3.0.12",
      "resolved": "https://registry.npmjs.org/turf-along/-/turf-along-3.0.12.tgz",
      "integrity": "sha1-5iK956S9E4wJZH1LFKoOpwBIXeY=",
      "requires": {
        "turf-bearing": "^3.0.12",
        "turf-destination": "^3.0.12",
        "turf-distance": "^3.0.12",
        "turf-helpers": "^3.0.12"
      }
    },
    "turf-area": {
      "version": "3.0.12",
      "resolved": "https://registry.npmjs.org/turf-area/-/turf-area-3.0.12.tgz",
      "integrity": "sha1-m35Gnvn7VY/RR7sMIUgjJjvb8Tw=",
      "requires": {
        "geojson-area": "^0.2.1"
      }
    },
    "turf-bbox": {
      "version": "3.0.12",
      "resolved": "https://registry.npmjs.org/turf-bbox/-/turf-bbox-3.0.12.tgz",
      "integrity": "sha1-P6BhF8hEOGDsgKxg/V0vEyC/sb4=",
      "requires": {
        "turf-meta": "^3.0.12"
      }
    },
    "turf-bbox-polygon": {
      "version": "3.0.12",
      "resolved": "https://registry.npmjs.org/turf-bbox-polygon/-/turf-bbox-polygon-3.0.12.tgz",
      "integrity": "sha1-Mw3AuzgyLWFUXflmzmyA9oWs9PI=",
      "requires": {
        "turf-helpers": "^3.0.12"
      }
    },
    "turf-bearing": {
      "version": "3.0.12",
      "resolved": "https://registry.npmjs.org/turf-bearing/-/turf-bearing-3.0.12.tgz",
      "integrity": "sha1-ZfYJ3YUOc2THdxqm3th7DhkX/SA=",
      "requires": {
        "turf-invariant": "^3.0.12"
      }
    },
    "turf-bezier": {
      "version": "3.0.12",
      "resolved": "https://registry.npmjs.org/turf-bezier/-/turf-bezier-3.0.12.tgz",
      "integrity": "sha1-EC791KY7Jl7pyMFydjGSCzb03QI=",
      "requires": {
        "turf-helpers": "^3.0.12"
      }
    },
    "turf-buffer": {
      "version": "3.0.12",
      "resolved": "https://registry.npmjs.org/turf-buffer/-/turf-buffer-3.0.12.tgz",
      "integrity": "sha1-IIQP58aqZ7JL4cq3/8xagv1r2XE=",
      "requires": {
        "geojson-normalize": "0.0.0",
        "jsts": "1.1.2",
        "turf-combine": "^3.0.12",
        "turf-helpers": "^3.0.12"
      }
    },
    "turf-center": {
      "version": "3.0.12",
      "resolved": "https://registry.npmjs.org/turf-center/-/turf-center-3.0.12.tgz",
      "integrity": "sha1-Rd1sFym7hnKR4+AC6cdQb4xEAZY=",
      "requires": {
        "turf-bbox": "^3.0.12",
        "turf-helpers": "^3.0.12"
      }
    },
    "turf-centroid": {
      "version": "3.0.12",
      "resolved": "https://registry.npmjs.org/turf-centroid/-/turf-centroid-3.0.12.tgz",
      "integrity": "sha1-6u4NaYIEtX/DOZS7G8hnuNopP48=",
      "requires": {
        "turf-helpers": "^3.0.12",
        "turf-meta": "^3.0.12"
      }
    },
    "turf-circle": {
      "version": "3.0.12",
      "resolved": "https://registry.npmjs.org/turf-circle/-/turf-circle-3.0.12.tgz",
      "integrity": "sha1-FAshy0lQ8tPLxw0t8BKTaGf1iTA=",
      "requires": {
        "turf-destination": "^3.0.12",
        "turf-helpers": "^3.0.12"
      }
    },
    "turf-collect": {
      "version": "3.0.12",
      "resolved": "https://registry.npmjs.org/turf-collect/-/turf-collect-3.0.12.tgz",
      "integrity": "sha1-bphtGnB9oxnMg+cjjQvN8Zqjx/I=",
      "requires": {
        "turf-inside": "^3.0.12"
      }
    },
    "turf-combine": {
      "version": "3.0.12",
      "resolved": "https://registry.npmjs.org/turf-combine/-/turf-combine-3.0.12.tgz",
      "integrity": "sha1-FnB0bw/c4NHqiqain/5UONRGz3M=",
      "requires": {
        "turf-meta": "^3.0.12"
      }
    },
    "turf-concave": {
      "version": "3.0.12",
      "resolved": "https://registry.npmjs.org/turf-concave/-/turf-concave-3.0.12.tgz",
      "integrity": "sha1-/KtgVpZbCoMZ9s2AJgEJXy/TqOs=",
      "requires": {
        "turf-distance": "^3.0.12",
        "turf-meta": "^3.0.12",
        "turf-tin": "^3.0.12",
        "turf-union": "^3.0.12"
      }
    },
    "turf-convex": {
      "version": "3.0.12",
      "resolved": "https://registry.npmjs.org/turf-convex/-/turf-convex-3.0.12.tgz",
      "integrity": "sha1-qI3cPiLRy2WHlqnIXTraO9Pso1c=",
      "requires": {
        "convex-hull": "^1.0.3",
        "turf-helpers": "^3.0.12",
        "turf-meta": "^3.0.12"
      }
    },
    "turf-destination": {
      "version": "3.0.12",
      "resolved": "https://registry.npmjs.org/turf-destination/-/turf-destination-3.0.12.tgz",
      "integrity": "sha1-fdb7+X6G+DGibIPvLVovjR2KbeI=",
      "requires": {
        "turf-helpers": "^3.0.12",
        "turf-invariant": "^3.0.12"
      }
    },
    "turf-difference": {
      "version": "3.0.12",
      "resolved": "https://registry.npmjs.org/turf-difference/-/turf-difference-3.0.12.tgz",
      "integrity": "sha1-nD0NdjBCEAW4slt/Bo7Z77S8bqc=",
      "requires": {
        "jsts": "1.1.2",
        "turf-helpers": "^3.0.12"
      }
    },
    "turf-distance": {
      "version": "3.0.12",
      "resolved": "https://registry.npmjs.org/turf-distance/-/turf-distance-3.0.12.tgz",
      "integrity": "sha1-+5e4cF+s2ZOxReAUtBhiYQ7spEk=",
      "requires": {
        "turf-helpers": "^3.0.12",
        "turf-invariant": "^3.0.12"
      }
    },
    "turf-envelope": {
      "version": "3.0.12",
      "resolved": "https://registry.npmjs.org/turf-envelope/-/turf-envelope-3.0.12.tgz",
      "integrity": "sha1-lpIdJ4zIxmRpLjIOJUO5FAgNeGs=",
      "requires": {
        "turf-bbox": "^3.0.12",
        "turf-bbox-polygon": "^3.0.12"
      }
    },
    "turf-explode": {
      "version": "3.0.12",
      "resolved": "https://registry.npmjs.org/turf-explode/-/turf-explode-3.0.12.tgz",
      "integrity": "sha1-xa4owoTNAGxWUR7H1AjEilQU7P4=",
      "requires": {
        "turf-helpers": "^3.0.12",
        "turf-meta": "^3.0.12"
      }
    },
    "turf-flip": {
      "version": "3.0.12",
      "resolved": "https://registry.npmjs.org/turf-flip/-/turf-flip-3.0.12.tgz",
      "integrity": "sha1-3rhoF3uf87sxDF1BqqxhqRVqPLs=",
      "requires": {
        "turf-meta": "^3.0.12"
      }
    },
    "turf-grid": {
      "version": "1.0.1",
      "resolved": "https://registry.npmjs.org/turf-grid/-/turf-grid-1.0.1.tgz",
      "integrity": "sha1-uQSrxWS5ObYnpmrBXrFuBTgpuA8=",
      "requires": {
        "turf-point": "^2.0.0"
      }
    },
    "turf-helpers": {
      "version": "3.0.12",
      "resolved": "https://registry.npmjs.org/turf-helpers/-/turf-helpers-3.0.12.tgz",
      "integrity": "sha1-3UJy50s618lu7LeuXFf+jspUS3s="
    },
    "turf-hex-grid": {
      "version": "3.0.12",
      "resolved": "https://registry.npmjs.org/turf-hex-grid/-/turf-hex-grid-3.0.12.tgz",
      "integrity": "sha1-BpjvZpAguzHY6cwgVtCr/K/ITo8=",
      "requires": {
        "turf-distance": "^3.0.12",
        "turf-helpers": "^3.0.12"
      }
    },
    "turf-inside": {
      "version": "3.0.12",
      "resolved": "https://registry.npmjs.org/turf-inside/-/turf-inside-3.0.12.tgz",
      "integrity": "sha1-m6QPpu7WO+x+fYiqZCdiLE3wcGY=",
      "requires": {
        "turf-invariant": "^3.0.12"
      }
    },
    "turf-intersect": {
      "version": "3.0.12",
      "resolved": "https://registry.npmjs.org/turf-intersect/-/turf-intersect-3.0.12.tgz",
      "integrity": "sha1-wNf7MFhDoZJ1ZwBXo50mixeDDYM=",
      "requires": {
        "jsts": "1.1.2"
      }
    },
    "turf-invariant": {
      "version": "3.0.12",
      "resolved": "https://registry.npmjs.org/turf-invariant/-/turf-invariant-3.0.12.tgz",
      "integrity": "sha1-O5UlOVOZHr2WLdNdT2cEwofejr4="
    },
    "turf-isolines": {
      "version": "3.0.12",
      "resolved": "https://registry.npmjs.org/turf-isolines/-/turf-isolines-3.0.12.tgz",
      "integrity": "sha1-ALIz3+LuvU7LR6lPySPG7OyJx6s=",
      "requires": {
        "turf-bbox": "^3.0.12",
        "turf-grid": "1.0.1",
        "turf-helpers": "^3.0.12",
        "turf-inside": "^3.0.12",
        "turf-planepoint": "^3.0.12",
        "turf-square": "^3.0.12",
        "turf-tin": "^3.0.12"
      }
    },
    "turf-kinks": {
      "version": "3.0.12",
      "resolved": "https://registry.npmjs.org/turf-kinks/-/turf-kinks-3.0.12.tgz",
      "integrity": "sha1-6cmo26VyTZjyNQ/FveugaewzN1U=",
      "requires": {
        "turf-helpers": "^3.0.12"
      }
    },
    "turf-line-distance": {
      "version": "3.0.12",
      "resolved": "https://registry.npmjs.org/turf-line-distance/-/turf-line-distance-3.0.12.tgz",
      "integrity": "sha1-cQj1smkH97jC3Rs5l4Zt06YOj18=",
      "requires": {
        "turf-distance": "^3.0.12",
        "turf-helpers": "^3.0.12"
      }
    },
    "turf-line-slice": {
      "version": "3.0.12",
      "resolved": "https://registry.npmjs.org/turf-line-slice/-/turf-line-slice-3.0.12.tgz",
      "integrity": "sha1-9fGszJKtrmnqGsCynwdSmijd6RY=",
      "requires": {
        "turf-bearing": "^3.0.12",
        "turf-destination": "^3.0.12",
        "turf-distance": "^3.0.12",
        "turf-helpers": "^3.0.12",
        "turf-point-on-line": "^3.0.12"
      }
    },
    "turf-meta": {
      "version": "3.0.12",
      "resolved": "https://registry.npmjs.org/turf-meta/-/turf-meta-3.0.12.tgz",
      "integrity": "sha1-CqmhyvgrKloI1U4IMLW1o/oOijg="
    },
    "turf-midpoint": {
      "version": "3.0.12",
      "resolved": "https://registry.npmjs.org/turf-midpoint/-/turf-midpoint-3.0.12.tgz",
      "integrity": "sha1-sSdlroms3uhVb9XibJxfoEGgLL4=",
      "requires": {
        "turf-bearing": "^3.0.12",
        "turf-destination": "^3.0.12",
        "turf-distance": "^3.0.12",
        "turf-invariant": "^3.0.12"
      }
    },
    "turf-nearest": {
      "version": "3.0.12",
      "resolved": "https://registry.npmjs.org/turf-nearest/-/turf-nearest-3.0.12.tgz",
      "integrity": "sha1-cAIH9EQ/BQlvhs0kb5KfFw369G0=",
      "requires": {
        "turf-distance": "^3.0.12"
      }
    },
    "turf-planepoint": {
      "version": "3.0.12",
      "resolved": "https://registry.npmjs.org/turf-planepoint/-/turf-planepoint-3.0.12.tgz",
      "integrity": "sha1-LDeuDxf8sw22448NWe5sDdbKqa8="
    },
    "turf-point": {
      "version": "2.0.1",
      "resolved": "https://registry.npmjs.org/turf-point/-/turf-point-2.0.1.tgz",
      "integrity": "sha1-otzDCi0g9Ez1xicd97riwOIUYGk=",
      "requires": {
        "minimist": "^1.1.0"
      }
    },
    "turf-point-grid": {
      "version": "3.0.12",
      "resolved": "https://registry.npmjs.org/turf-point-grid/-/turf-point-grid-3.0.12.tgz",
      "integrity": "sha1-1gSXi+ELyeUzBq4CzvcJhDHbSXE=",
      "requires": {
        "turf-distance": "^3.0.12",
        "turf-helpers": "^3.0.12"
      }
    },
    "turf-point-on-line": {
      "version": "3.0.12",
      "resolved": "https://registry.npmjs.org/turf-point-on-line/-/turf-point-on-line-3.0.12.tgz",
      "integrity": "sha1-HYZjNU5wNy2xhj5iU+kEDEcSew8=",
      "requires": {
        "turf-bearing": "^3.0.12",
        "turf-destination": "^3.0.12",
        "turf-distance": "^3.0.12",
        "turf-helpers": "^3.0.12"
      }
    },
    "turf-point-on-surface": {
      "version": "3.0.12",
      "resolved": "https://registry.npmjs.org/turf-point-on-surface/-/turf-point-on-surface-3.0.12.tgz",
      "integrity": "sha1-m+UFtrC6eOmFZQAd47OkJnEVJAo=",
      "requires": {
        "turf-center": "^3.0.12",
        "turf-distance": "^3.0.12",
        "turf-explode": "^3.0.12",
        "turf-helpers": "^3.0.12",
        "turf-inside": "^3.0.12"
      }
    },
    "turf-random": {
      "version": "3.0.12",
      "resolved": "https://registry.npmjs.org/turf-random/-/turf-random-3.0.12.tgz",
      "integrity": "sha1-NNuxQcPx6urhQk/Wxeq6H2+5seg=",
      "requires": {
        "geojson-random": "^0.2.2"
      }
    },
    "turf-sample": {
      "version": "3.0.12",
      "resolved": "https://registry.npmjs.org/turf-sample/-/turf-sample-3.0.12.tgz",
      "integrity": "sha1-eUn4YgYSBH4TFMHO2H6ZwUJGPNI=",
      "requires": {
        "turf-helpers": "^3.0.12"
      }
    },
    "turf-simplify": {
      "version": "3.0.12",
      "resolved": "https://registry.npmjs.org/turf-simplify/-/turf-simplify-3.0.12.tgz",
      "integrity": "sha1-heRDyLRqordSY4lETHOB2qKtGec=",
      "requires": {
        "simplify-js": "^1.2.1"
      }
    },
    "turf-square": {
      "version": "3.0.12",
      "resolved": "https://registry.npmjs.org/turf-square/-/turf-square-3.0.12.tgz",
      "integrity": "sha1-Gjix4PsF/+D8qkMYji83lCpRW2Q=",
      "requires": {
        "turf-distance": "^3.0.12",
        "turf-helpers": "^3.0.12"
      }
    },
    "turf-square-grid": {
      "version": "3.0.12",
      "resolved": "https://registry.npmjs.org/turf-square-grid/-/turf-square-grid-3.0.12.tgz",
      "integrity": "sha1-PB2ArBRVbGgTtHi9oBJRLtS5Psg=",
      "requires": {
        "turf-distance": "^3.0.12",
        "turf-helpers": "^3.0.12"
      }
    },
    "turf-tag": {
      "version": "3.0.12",
      "resolved": "https://registry.npmjs.org/turf-tag/-/turf-tag-3.0.12.tgz",
      "integrity": "sha1-IoT/8Oih6Son1Kx/10cbPEjd0ag=",
      "requires": {
        "turf-inside": "^3.0.12"
      }
    },
    "turf-tesselate": {
      "version": "3.0.12",
      "resolved": "https://registry.npmjs.org/turf-tesselate/-/turf-tesselate-3.0.12.tgz",
      "integrity": "sha1-QUdLe1s4ILzyc/tx4YlNjDzUDTU=",
      "requires": {
        "earcut": "^2.0.0",
        "turf-helpers": "^3.0.12"
      }
    },
    "turf-tin": {
      "version": "3.0.12",
      "resolved": "https://registry.npmjs.org/turf-tin/-/turf-tin-3.0.12.tgz",
      "integrity": "sha1-tlNGRHY6zhyd8kHJWNI4SFUlc4U=",
      "requires": {
        "turf-helpers": "^3.0.12"
      }
    },
    "turf-triangle-grid": {
      "version": "3.0.12",
      "resolved": "https://registry.npmjs.org/turf-triangle-grid/-/turf-triangle-grid-3.0.12.tgz",
      "integrity": "sha1-gGR+V9r+CTRoeaKaGKDmKUrPEVk=",
      "requires": {
        "turf-distance": "^3.0.12",
        "turf-helpers": "^3.0.12"
      }
    },
    "turf-union": {
      "version": "3.0.12",
      "resolved": "https://registry.npmjs.org/turf-union/-/turf-union-3.0.12.tgz",
      "integrity": "sha1-3+0OVUC4woVeSZTBRiHjpgyCnI4=",
      "requires": {
        "jsts": "1.1.2"
      }
    },
    "turf-within": {
      "version": "3.0.12",
      "resolved": "https://registry.npmjs.org/turf-within/-/turf-within-3.0.12.tgz",
      "integrity": "sha1-937q83cjhWG3+xM4526dEph0H5Q=",
      "requires": {
        "turf-helpers": "^3.0.12",
        "turf-inside": "^3.0.12"
      }
    },
    "two-product": {
      "version": "1.0.2",
      "resolved": "https://registry.npmjs.org/two-product/-/two-product-1.0.2.tgz",
      "integrity": "sha1-Z9ldSyV6kh4stL16+VEfkIhSLqo="
    },
    "two-sum": {
      "version": "1.0.0",
      "resolved": "https://registry.npmjs.org/two-sum/-/two-sum-1.0.0.tgz",
      "integrity": "sha1-MdPzIjnk9zHsqd+RVeKyl/AIq2Q="
    },
    "typedarray": {
      "version": "0.0.6",
      "resolved": "https://registry.npmjs.org/typedarray/-/typedarray-0.0.6.tgz",
      "integrity": "sha1-hnrHTjhkGHsdPUfZlqeOxciDB3c="
    },
    "union-find": {
      "version": "1.0.2",
      "resolved": "https://registry.npmjs.org/union-find/-/union-find-1.0.2.tgz",
      "integrity": "sha1-KSusQV5q06iVNdI3AQ20pTYoTlg="
    },
    "util-deprecate": {
      "version": "1.0.2",
      "resolved": "https://registry.npmjs.org/util-deprecate/-/util-deprecate-1.0.2.tgz",
      "integrity": "sha1-RQ1Nyfpw3nMnYvvS1KKJgUGaDM8="
    },
    "wgs84": {
      "version": "0.0.0",
      "resolved": "https://registry.npmjs.org/wgs84/-/wgs84-0.0.0.tgz",
      "integrity": "sha1-NP3FVZF7blfPKigu0ENxDASc3HY="
    },
    "wkt-parser": {
      "version": "1.2.4",
      "resolved": "https://registry.npmjs.org/wkt-parser/-/wkt-parser-1.2.4.tgz",
      "integrity": "sha512-ZzKnc7ml/91fOPh5bANBL4vUlWPIYYv11waCtWTkl2TRN+LEmBg60Q1MA8gqV4hEp4MGfSj9JiHz91zw/gTDXg=="
    }
  }
}
